// !$*UTF8*$!
{
	archiveVersion = 1;
	classes = {
	};
	objectVersion = 56;
	objects = {

/* Begin PBXBuildFile section */
		EBCD32D52A15458D005AF76D /* RestartApp.swift in Sources */ = {isa = PBXBuildFile; fileRef = EBCD32D42A15458D005AF76D /* RestartApp.swift */; };
		EBCD32D72A15458D005AF76D /* ContentView.swift in Sources */ = {isa = PBXBuildFile; fileRef = EBCD32D62A15458D005AF76D /* ContentView.swift */; };
		EBCD32D92A15458D005AF76D /* Assets.xcassets in Resources */ = {isa = PBXBuildFile; fileRef = EBCD32D82A15458D005AF76D /* Assets.xcassets */; };
		EBCD32DC2A15458D005AF76D /* Preview Assets.xcassets in Resources */ = {isa = PBXBuildFile; fileRef = EBCD32DB2A15458D005AF76D /* Preview Assets.xcassets */; };
		EBCD32E52A154635005AF76D /* success.m4a in Resources */ = {isa = PBXBuildFile; fileRef = EBCD32E32A154635005AF76D /* success.m4a */; };
		EBCD32E62A154635005AF76D /* chimeup.mp3 in Resources */ = {isa = PBXBuildFile; fileRef = EBCD32E42A154635005AF76D /* chimeup.mp3 */; };
		EBCD32EC2A1548A7005AF76D /* OnboardingView.swift in Sources */ = {isa = PBXBuildFile; fileRef = EBCD32EB2A1548A7005AF76D /* OnboardingView.swift */; };
		EBCD32EE2A1548B6005AF76D /* HomeView.swift in Sources */ = {isa = PBXBuildFile; fileRef = EBCD32ED2A1548B6005AF76D /* HomeView.swift */; };
		EBCD32F12A166ADE005AF76D /* CircleUI.swift in Sources */ = {isa = PBXBuildFile; fileRef = EBCD32F02A166ADE005AF76D /* CircleUI.swift */; };
/* End PBXBuildFile section */

/* Begin PBXFileReference section */
		EBCD32D12A15458D005AF76D /* Restart.app */ = {isa = PBXFileReference; explicitFileType = wrapper.application; includeInIndex = 0; path = Restart.app; sourceTree = BUILT_PRODUCTS_DIR; };
		EBCD32D42A15458D005AF76D /* RestartApp.swift */ = {isa = PBXFileReference; lastKnownFileType = sourcecode.swift; path = RestartApp.swift; sourceTree = "<group>"; };
		EBCD32D62A15458D005AF76D /* ContentView.swift */ = {isa = PBXFileReference; lastKnownFileType = sourcecode.swift; path = ContentView.swift; sourceTree = "<group>"; };
		EBCD32D82A15458D005AF76D /* Assets.xcassets */ = {isa = PBXFileReference; lastKnownFileType = folder.assetcatalog; path = Assets.xcassets; sourceTree = "<group>"; };
		EBCD32DB2A15458D005AF76D /* Preview Assets.xcassets */ = {isa = PBXFileReference; lastKnownFileType = folder.assetcatalog; path = "Preview Assets.xcassets"; sourceTree = "<group>"; };
		EBCD32E32A154635005AF76D /* success.m4a */ = {isa = PBXFileReference; lastKnownFileType = file; path = success.m4a; sourceTree = "<group>"; };
		EBCD32E42A154635005AF76D /* chimeup.mp3 */ = {isa = PBXFileReference; lastKnownFileType = audio.mp3; path = chimeup.mp3; sourceTree = "<group>"; };
		EBCD32EA2A154812005AF76D /* Info.plist */ = {isa = PBXFileReference; lastKnownFileType = text.plist; path = Info.plist; sourceTree = "<group>"; };
		EBCD32EB2A1548A7005AF76D /* OnboardingView.swift */ = {isa = PBXFileReference; lastKnownFileType = sourcecode.swift; path = OnboardingView.swift; sourceTree = "<group>"; };
		EBCD32ED2A1548B6005AF76D /* HomeView.swift */ = {isa = PBXFileReference; lastKnownFileType = sourcecode.swift; path = HomeView.swift; sourceTree = "<group>"; };
		EBCD32F02A166ADE005AF76D /* CircleUI.swift */ = {isa = PBXFileReference; lastKnownFileType = sourcecode.swift; path = CircleUI.swift; sourceTree = "<group>"; };
/* End PBXFileReference section */

/* Begin PBXFrameworksBuildPhase section */
		EBCD32CE2A15458D005AF76D /* Frameworks */ = {
			isa = PBXFrameworksBuildPhase;
			buildActionMask = 2147483647;
			files = (
			);
			runOnlyForDeploymentPostprocessing = 0;
		};
/* End PBXFrameworksBuildPhase section */

/* Begin PBXGroup section */
		EBCD32C82A15458D005AF76D = {
			isa = PBXGroup;
			children = (
				EBCD32D32A15458D005AF76D /* Restart */,
				EBCD32D22A15458D005AF76D /* Products */,
			);
			sourceTree = "<group>";
		};
		EBCD32D22A15458D005AF76D /* Products */ = {
			isa = PBXGroup;
			children = (
				EBCD32D12A15458D005AF76D /* Restart.app */,
			);
			name = Products;
			sourceTree = "<group>";
		};
		EBCD32D32A15458D005AF76D /* Restart */ = {
			isa = PBXGroup;
			children = (
				EBCD32EF2A166ABA005AF76D /* UI */,
				EBCD32EA2A154812005AF76D /* Info.plist */,
				EBCD32E92A154715005AF76D /* Utilities */,
				EBCD32E82A154705005AF76D /* Views */,
				EBCD32E22A154621005AF76D /* Sounds */,
				EBCD32D42A15458D005AF76D /* RestartApp.swift */,
				EBCD32E72A1546F4005AF76D /* Screens */,
				EBCD32D82A15458D005AF76D /* Assets.xcassets */,
				EBCD32DA2A15458D005AF76D /* Preview Content */,
			);
			path = Restart;
			sourceTree = "<group>";
		};
		EBCD32DA2A15458D005AF76D /* Preview Content */ = {
			isa = PBXGroup;
			children = (
				EBCD32DB2A15458D005AF76D /* Preview Assets.xcassets */,
			);
			path = "Preview Content";
			sourceTree = "<group>";
		};
		EBCD32E22A154621005AF76D /* Sounds */ = {
			isa = PBXGroup;
			children = (
				EBCD32E42A154635005AF76D /* chimeup.mp3 */,
				EBCD32E32A154635005AF76D /* success.m4a */,
			);
			path = Sounds;
			sourceTree = "<group>";
		};
		EBCD32E72A1546F4005AF76D /* Screens */ = {
			isa = PBXGroup;
			children = (
				EBCD32D62A15458D005AF76D /* ContentView.swift */,
				EBCD32EB2A1548A7005AF76D /* OnboardingView.swift */,
				EBCD32ED2A1548B6005AF76D /* HomeView.swift */,
			);
			path = Screens;
			sourceTree = "<group>";
		};
		EBCD32E82A154705005AF76D /* Views */ = {
			isa = PBXGroup;
			children = (
			);
			path = Views;
			sourceTree = "<group>";
		};
		EBCD32E92A154715005AF76D /* Utilities */ = {
			isa = PBXGroup;
			children = (
			);
			path = Utilities;
			sourceTree = "<group>";
		};
		EBCD32EF2A166ABA005AF76D /* UI */ = {
			isa = PBXGroup;
			children = (
				EBCD32F02A166ADE005AF76D /* CircleUI.swift */,
			);
			path = UI;
			sourceTree = "<group>";
		};
/* End PBXGroup section */

/* Begin PBXNativeTarget section */
		EBCD32D02A15458D005AF76D /* Restart */ = {
			isa = PBXNativeTarget;
			buildConfigurationList = EBCD32DF2A15458D005AF76D /* Build configuration list for PBXNativeTarget "Restart" */;
			buildPhases = (
				EBCD32CD2A15458D005AF76D /* Sources */,
				EBCD32CE2A15458D005AF76D /* Frameworks */,
				EBCD32CF2A15458D005AF76D /* Resources */,
			);
			buildRules = (
			);
			dependencies = (
			);
			name = Restart;
			productName = Restart;
			productReference = EBCD32D12A15458D005AF76D /* Restart.app */;
			productType = "com.apple.product-type.application";
		};
/* End PBXNativeTarget section */

/* Begin PBXProject section */
		EBCD32C92A15458D005AF76D /* Project object */ = {
			isa = PBXProject;
			attributes = {
				BuildIndependentTargetsInParallel = 1;
				LastSwiftUpdateCheck = 1430;
				LastUpgradeCheck = 1430;
				TargetAttributes = {
					EBCD32D02A15458D005AF76D = {
						CreatedOnToolsVersion = 14.3;
					};
				};
			};
			buildConfigurationList = EBCD32CC2A15458D005AF76D /* Build configuration list for PBXProject "Restart" */;
			compatibilityVersion = "Xcode 14.0";
			developmentRegion = en;
			hasScannedForEncodings = 0;
			knownRegions = (
				en,
				Base,
			);
			mainGroup = EBCD32C82A15458D005AF76D;
			productRefGroup = EBCD32D22A15458D005AF76D /* Products */;
			projectDirPath = "";
			projectRoot = "";
			targets = (
				EBCD32D02A15458D005AF76D /* Restart */,
			);
		};
/* End PBXProject section */

/* Begin PBXResourcesBuildPhase section */
		EBCD32CF2A15458D005AF76D /* Resources */ = {
			isa = PBXResourcesBuildPhase;
			buildActionMask = 2147483647;
			files = (
				EBCD32E62A154635005AF76D /* chimeup.mp3 in Resources */,
				EBCD32DC2A15458D005AF76D /* Preview Assets.xcassets in Resources */,
				EBCD32E52A154635005AF76D /* success.m4a in Resources */,
				EBCD32D92A15458D005AF76D /* Assets.xcassets in Resources */,
			);
			runOnlyForDeploymentPostprocessing = 0;
		};
/* End PBXResourcesBuildPhase section */

/* Begin PBXSourcesBuildPhase section */
		EBCD32CD2A15458D005AF76D /* Sources */ = {
			isa = PBXSourcesBuildPhase;
			buildActionMask = 2147483647;
			files = (
				EBCD32EC2A1548A7005AF76D /* OnboardingView.swift in Sources */,
				EBCD32EE2A1548B6005AF76D /* HomeView.swift in Sources */,
				EBCD32D72A15458D005AF76D /* ContentView.swift in Sources */,
				EBCD32D52A15458D005AF76D /* RestartApp.swift in Sources */,
				EBCD32F12A166ADE005AF76D /* CircleUI.swift in Sources */,
			);
			runOnlyForDeploymentPostprocessing = 0;
		};
/* End PBXSourcesBuildPhase section */

/* Begin XCBuildConfiguration section */
		EBCD32DD2A15458D005AF76D /* Debug */ = {
			isa = XCBuildConfiguration;
			buildSettings = {
				ALWAYS_SEARCH_USER_PATHS = NO;
				CLANG_ANALYZER_NONNULL = YES;
				CLANG_ANALYZER_NUMBER_OBJECT_CONVERSION = YES_AGGRESSIVE;
				CLANG_CXX_LANGUAGE_STANDARD = "gnu++20";
				CLANG_ENABLE_MODULES = YES;
				CLANG_ENABLE_OBJC_ARC = YES;
				CLANG_ENABLE_OBJC_WEAK = YES;
				CLANG_WARN_BLOCK_CAPTURE_AUTORELEASING = YES;
				CLANG_WARN_BOOL_CONVERSION = YES;
				CLANG_WARN_COMMA = YES;
				CLANG_WARN_CONSTANT_CONVERSION = YES;
				CLANG_WARN_DEPRECATED_OBJC_IMPLEMENTATIONS = YES;
				CLANG_WARN_DIRECT_OBJC_ISA_USAGE = YES_ERROR;
				CLANG_WARN_DOCUMENTATION_COMMENTS = YES;
				CLANG_WARN_EMPTY_BODY = YES;
				CLANG_WARN_ENUM_CONVERSION = YES;
				CLANG_WARN_INFINITE_RECURSION = YES;
				CLANG_WARN_INT_CONVERSION = YES;
				CLANG_WARN_NON_LITERAL_NULL_CONVERSION = YES;
				CLANG_WARN_OBJC_IMPLICIT_RETAIN_SELF = YES;
				CLANG_WARN_OBJC_LITERAL_CONVERSION = YES;
				CLANG_WARN_OBJC_ROOT_CLASS = YES_ERROR;
				CLANG_WARN_QUOTED_INCLUDE_IN_FRAMEWORK_HEADER = YES;
				CLANG_WARN_RANGE_LOOP_ANALYSIS = YES;
				CLANG_WARN_STRICT_PROTOTYPES = YES;
				CLANG_WARN_SUSPICIOUS_MOVE = YES;
				CLANG_WARN_UNGUARDED_AVAILABILITY = YES_AGGRESSIVE;
				CLANG_WARN_UNREACHABLE_CODE = YES;
				CLANG_WARN__DUPLICATE_METHOD_MATCH = YES;
				COPY_PHASE_STRIP = NO;
				DEBUG_INFORMATION_FORMAT = dwarf;
				ENABLE_STRICT_OBJC_MSGSEND = YES;
				ENABLE_TESTABILITY = YES;
				GCC_C_LANGUAGE_STANDARD = gnu11;
				GCC_DYNAMIC_NO_PIC = NO;
				GCC_NO_COMMON_BLOCKS = YES;
				GCC_OPTIMIZATION_LEVEL = 0;
				GCC_PREPROCESSOR_DEFINITIONS = (
					"DEBUG=1",
					"$(inherited)",
				);
				GCC_WARN_64_TO_32_BIT_CONVERSION = YES;
				GCC_WARN_ABOUT_RETURN_TYPE = YES_ERROR;
				GCC_WARN_UNDECLARED_SELECTOR = YES;
				GCC_WARN_UNINITIALIZED_AUTOS = YES_AGGRESSIVE;
				GCC_WARN_UNUSED_FUNCTION = YES;
				GCC_WARN_UNUSED_VARIABLE = YES;
				IPHONEOS_DEPLOYMENT_TARGET = 16.4;
				MTL_ENABLE_DEBUG_INFO = INCLUDE_SOURCE;
				MTL_FAST_MATH = YES;
				ONLY_ACTIVE_ARCH = YES;
				SDKROOT = iphoneos;
				SWIFT_ACTIVE_COMPILATION_CONDITIONS = DEBUG;
				SWIFT_OPTIMIZATION_LEVEL = "-Onone";
			};
			name = Debug;
		};
		EBCD32DE2A15458D005AF76D /* Release */ = {
			isa = XCBuildConfiguration;
			buildSettings = {
				ALWAYS_SEARCH_USER_PATHS = NO;
				CLANG_ANALYZER_NONNULL = YES;
				CLANG_ANALYZER_NUMBER_OBJECT_CONVERSION = YES_AGGRESSIVE;
				CLANG_CXX_LANGUAGE_STANDARD = "gnu++20";
				CLANG_ENABLE_MODULES = YES;
				CLANG_ENABLE_OBJC_ARC = YES;
				CLANG_ENABLE_OBJC_WEAK = YES;
				CLANG_WARN_BLOCK_CAPTURE_AUTORELEASING = YES;
				CLANG_WARN_BOOL_CONVERSION = YES;
				CLANG_WARN_COMMA = YES;
				CLANG_WARN_CONSTANT_CONVERSION = YES;
				CLANG_WARN_DEPRECATED_OBJC_IMPLEMENTATIONS = YES;
				CLANG_WARN_DIRECT_OBJC_ISA_USAGE = YES_ERROR;
				CLANG_WARN_DOCUMENTATION_COMMENTS = YES;
				CLANG_WARN_EMPTY_BODY = YES;
				CLANG_WARN_ENUM_CONVERSION = YES;
				CLANG_WARN_INFINITE_RECURSION = YES;
				CLANG_WARN_INT_CONVERSION = YES;
				CLANG_WARN_NON_LITERAL_NULL_CONVERSION = YES;
				CLANG_WARN_OBJC_IMPLICIT_RETAIN_SELF = YES;
				CLANG_WARN_OBJC_LITERAL_CONVERSION = YES;
				CLANG_WARN_OBJC_ROOT_CLASS = YES_ERROR;
				CLANG_WARN_QUOTED_INCLUDE_IN_FRAMEWORK_HEADER = YES;
				CLANG_WARN_RANGE_LOOP_ANALYSIS = YES;
				CLANG_WARN_STRICT_PROTOTYPES = YES;
				CLANG_WARN_SUSPICIOUS_MOVE = YES;
				CLANG_WARN_UNGUARDED_AVAILABILITY = YES_AGGRESSIVE;
				CLANG_WARN_UNREACHABLE_CODE = YES;
				CLANG_WARN__DUPLICATE_METHOD_MATCH = YES;
				COPY_PHASE_STRIP = NO;
				DEBUG_INFORMATION_FORMAT = "dwarf-with-dsym";
				ENABLE_NS_ASSERTIONS = NO;
				ENABLE_STRICT_OBJC_MSGSEND = YES;
				GCC_C_LANGUAGE_STANDARD = gnu11;
				GCC_NO_COMMON_BLOCKS = YES;
				GCC_WARN_64_TO_32_BIT_CONVERSION = YES;
				GCC_WARN_ABOUT_RETURN_TYPE = YES_ERROR;
				GCC_WARN_UNDECLARED_SELECTOR = YES;
				GCC_WARN_UNINITIALIZED_AUTOS = YES_AGGRESSIVE;
				GCC_WARN_UNUSED_FUNCTION = YES;
				GCC_WARN_UNUSED_VARIABLE = YES;
				IPHONEOS_DEPLOYMENT_TARGET = 16.4;
				MTL_ENABLE_DEBUG_INFO = NO;
				MTL_FAST_MATH = YES;
				SDKROOT = iphoneos;
				SWIFT_COMPILATION_MODE = wholemodule;
				SWIFT_OPTIMIZATION_LEVEL = "-O";
				VALIDATE_PRODUCT = YES;
			};
			name = Release;
		};
		EBCD32E02A15458D005AF76D /* Debug */ = {
			isa = XCBuildConfiguration;
			buildSettings = {
				ASSETCATALOG_COMPILER_APPICON_NAME = AppIcon;
				ASSETCATALOG_COMPILER_GLOBAL_ACCENT_COLOR_NAME = AccentColor;
				CODE_SIGN_STYLE = Automatic;
				CURRENT_PROJECT_VERSION = 1;
				DEVELOPMENT_ASSET_PATHS = "\"Restart/Preview Content\"";
				DEVELOPMENT_TEAM = W4MF6H9XZ6;
				ENABLE_PREVIEWS = YES;
				GENERATE_INFOPLIST_FILE = YES;
				INFOPLIST_FILE = Restart/Info.plist;
				INFOPLIST_KEY_UIApplicationSceneManifest_Generation = YES;
				INFOPLIST_KEY_UIApplicationSupportsIndirectInputEvents = YES;
				INFOPLIST_KEY_UISupportedInterfaceOrientations = UIInterfaceOrientationPortrait;
				INFOPLIST_KEY_UISupportedInterfaceOrientations_iPad = "UIInterfaceOrientationPortrait UIInterfaceOrientationPortraitUpsideDown";
				LD_RUNPATH_SEARCH_PATHS = (
					"$(inherited)",
					"@executable_path/Frameworks",
				);
				MARKETING_VERSION = 1.0;
				PRODUCT_BUNDLE_IDENTIFIER = com.tonygo.Restart;
				PRODUCT_NAME = "$(TARGET_NAME)";
				SWIFT_EMIT_LOC_STRINGS = YES;
				SWIFT_VERSION = 5.0;
				TARGETED_DEVICE_FAMILY = "1,2";
			};
			name = Debug;
		};
		EBCD32E12A15458D005AF76D /* Release */ = {
			isa = XCBuildConfiguration;
			buildSettings = {
				ASSETCATALOG_COMPILER_APPICON_NAME = AppIcon;
				ASSETCATALOG_COMPILER_GLOBAL_ACCENT_COLOR_NAME = AccentColor;
				CODE_SIGN_STYLE = Automatic;
				CURRENT_PROJECT_VERSION = 1;
				DEVELOPMENT_ASSET_PATHS = "\"Restart/Preview Content\"";
				DEVELOPMENT_TEAM = W4MF6H9XZ6;
				ENABLE_PREVIEWS = YES;
				GENERATE_INFOPLIST_FILE = YES;
				INFOPLIST_FILE = Restart/Info.plist;
				INFOPLIST_KEY_UIApplicationSceneManifest_Generation = YES;
				INFOPLIST_KEY_UIApplicationSupportsIndirectInputEvents = YES;
				INFOPLIST_KEY_UISupportedInterfaceOrientations = UIInterfaceOrientationPortrait;
				INFOPLIST_KEY_UISupportedInterfaceOrientations_iPad = "UIInterfaceOrientationPortrait UIInterfaceOrientationPortraitUpsideDown";
				LD_RUNPATH_SEARCH_PATHS = (
					"$(inherited)",
					"@executable_path/Frameworks",
				);
				MARKETING_VERSION = 1.0;
				PRODUCT_BUNDLE_IDENTIFIER = com.tonygo.Restart;
				PRODUCT_NAME = "$(TARGET_NAME)";
				SWIFT_EMIT_LOC_STRINGS = YES;
				SWIFT_VERSION = 5.0;
				TARGETED_DEVICE_FAMILY = "1,2";
			};
			name = Release;
		};
/* End XCBuildConfiguration section */

/* Begin XCConfigurationList section */
		EBCD32CC2A15458D005AF76D /* Build configuration list for PBXProject "Restart" */ = {
			isa = XCConfigurationList;
			buildConfigurations = (
				EBCD32DD2A15458D005AF76D /* Debug */,
				EBCD32DE2A15458D005AF76D /* Release */,
			);
			defaultConfigurationIsVisible = 0;
			defaultConfigurationName = Release;
		};
		EBCD32DF2A15458D005AF76D /* Build configuration list for PBXNativeTarget "Restart" */ = {
			isa = XCConfigurationList;
			buildConfigurations = (
				EBCD32E02A15458D005AF76D /* Debug */,
				EBCD32E12A15458D005AF76D /* Release */,
			);
			defaultConfigurationIsVisible = 0;
			defaultConfigurationName = Release;
		};
/* End XCConfigurationList section */
	};
	rootObject = EBCD32C92A15458D005AF76D /* Project object */;
}
